{
    "hash": "cd5e6b8ff97f6f69ecc5b590eb7bc7fa",
    "packages": [
        {
            "name": "monolog/monolog",
            "version": "1.1.0",
            "source": {
                "type": "git",
                "url": "https://github.com/Seldaek/monolog",
                "reference": "1.1.0"
            },
            "dist": {
                "type": "zip",
                "url": "https://github.com/Seldaek/monolog/zipball/1.1.0",
                "reference": "1.1.0",
                "shasum": ""
            },
            "require": {
                "php": ">=5.3.0"
            },
            "require-dev": {
                "mlehner/gelf-php": "1.0.*"
            },
            "suggest": {
                "mlehner/gelf-php": "Allow sending log messages to a GrayLog2 server"
            },
            "type": "library",
            "autoload": {
                "psr-0": {
                    "Monolog": "src/"
                }
            },
            "license": [
                "MIT"
            ],
            "authors": [
                {
                    "name": "Jordi Boggiano",
                    "email": "j.boggiano@seld.be",
                    "homepage": "http://seld.be",
                    "role": "Developer"
                }
            ],
            "description": "Logging for PHP 5.3",
            "homepage": "http://github.com/Seldaek/monolog",
            "keywords": [
                "log",
                "logging"
            ],
            "time": "2012-04-23 16:27:40"
        },
        {
            "name": "pimple/pimple",
            "version": "dev-master",
            "source": {
                "type": "git",
                "url": "https://github.com/fabpot/Pimple.git",
                "reference": "v1.0.2"
            },
            "dist": {
                "type": "zip",
                "url": "https://api.github.com/repos/fabpot/Pimple/zipball/v1.0.2",
                "reference": "v1.0.2",
                "shasum": ""
            },
            "require": {
                "php": ">=5.3.0"
            },
            "type": "library",
            "extra": {
                "branch-alias": {
                    "dev-master": "1.0.x-dev"
                }
            },
            "autoload": {
                "psr-0": {
                    "Pimple": "lib/"
                }
            },
            "notification-url": "https://packagist.org/downloads/",
            "license": [
                "MIT"
            ],
            "authors": [
                {
                    "name": "Fabien Potencier",
                    "email": "fabien@symfony.com"
                }
            ],
            "description": "Pimple is a simple Dependency Injection Container for PHP 5.3",
            "homepage": "http://pimple.sensiolabs.org",
            "keywords": [
                "container",
                "dependency injection"
            ],
            "time": "2013-03-08 08:21:40"
        },
        {
            "name": "silex/silex",
            "version": "dev-master",
            "source": {
                "type": "git",
                "url": "https://github.com/fabpot/Silex.git",
                "reference": "59e7dbd338b5caba9879ae11524da4a5905f80c1"
            },
            "dist": {
                "type": "zip",
                "url": "https://api.github.com/repos/fabpot/Silex/zipball/59e7dbd338b5caba9879ae11524da4a5905f80c1",
                "reference": "59e7dbd338b5caba9879ae11524da4a5905f80c1",
                "shasum": ""
            },
            "require": {
                "php": ">=5.3.3",
                "pimple/pimple": "1.*",
                "symfony/event-dispatcher": ">=2.1,<2.3-dev",
                "symfony/http-foundation": ">=2.1,<2.3-dev",
                "symfony/http-kernel": ">=2.1,<2.3-dev",
                "symfony/routing": ">=2.1,<2.3-dev"
            },
            "require-dev": {
                "doctrine/dbal": ">=2.2.0,<2.4.0-dev",
                "swiftmailer/swiftmailer": "4.2.*",
                "symfony/browser-kit": ">=2.1,<2.3-dev",
                "symfony/config": ">=2.1,<2.3-dev",
                "symfony/css-selector": ">=2.1,<2.3-dev",
                "symfony/dom-crawler": ">=2.1,<2.3-dev",
                "symfony/finder": ">=2.1,<2.3-dev",
                "symfony/form": ">=2.1.4,<2.3-dev",
                "symfony/locale": ">=2.1,<2.3-dev",
                "symfony/monolog-bridge": ">=2.1,<2.3-dev",
                "symfony/options-resolver": ">=2.1,<2.3-dev",
                "symfony/process": ">=2.1,<2.3-dev",
                "symfony/security": ">=2.1,<2.3-dev",
                "symfony/serializer": ">=2.1,<2.3-dev",
                "symfony/translation": ">=2.1,<2.3-dev",
                "symfony/twig-bridge": ">=2.1,<2.3-dev",
                "symfony/validator": ">=2.1,<2.3-dev",
                "twig/twig": ">=1.8.0,<2.0-dev"
            },
            "suggest": {
                "symfony/browser-kit": ">=2.1,<2.3-dev",
                "symfony/css-selector": ">=2.1,<2.3-dev",
                "symfony/dom-crawler": ">=2.1,<2.3-dev",
                "symfony/form": "To make use of the FormServiceProvider, >= 2.1.4 is required"
            },
            "type": "library",
            "extra": {
                "branch-alias": {
                    "dev-master": "1.0.x-dev"
                }
            },
            "autoload": {
                "psr-0": {
                    "Silex": "src/"
                }
            },
            "notification-url": "https://packagist.org/downloads/",
            "license": [
                "MIT"
            ],
            "authors": [
                {
                    "name": "Fabien Potencier",
                    "email": "fabien@symfony.com"
                },
                {
                    "name": "Igor Wiedler",
                    "email": "igor@wiedler.ch",
                    "homepage": "http://wiedler.ch/igor/"
                }
            ],
            "description": "The PHP micro-framework based on the Symfony2 Components",
            "homepage": "http://silex.sensiolabs.org",
            "keywords": [
                "microframework"
            ],
            "time": "2013-03-08 16:56:52"
        },
        {
            "name": "symfony/browser-kit",
            "version": "2.1.x-dev",
            "target-dir": "Symfony/Component/BrowserKit",
            "source": {
                "type": "git",
                "url": "https://github.com/symfony/BrowserKit.git",
                "reference": "f3a6dff8ea83d1c2798faa011cc9e5673712f114"
            },
            "dist": {
                "type": "zip",
                "url": "https://api.github.com/repos/symfony/BrowserKit/zipball/f3a6dff8ea83d1c2798faa011cc9e5673712f114",
                "reference": "f3a6dff8ea83d1c2798faa011cc9e5673712f114",
                "shasum": ""
            },
            "require": {
                "php": ">=5.3.3",
                "symfony/dom-crawler": "2.1.*"
            },
            "require-dev": {
                "symfony/css-selector": "2.1.*",
                "symfony/process": "2.1.*"
            },
            "suggest": {
                "symfony/process": "2.1.*"
            },
            "type": "library",
            "autoload": {
                "psr-0": {
                    "Symfony\\Component\\BrowserKit": ""
                }
            },
            "notification-url": "https://packagist.org/downloads/",
            "license": [
                "MIT"
            ],
            "authors": [
                {
                    "name": "Fabien Potencier",
                    "email": "fabien@symfony.com"
                },
                {
                    "name": "Symfony Community",
                    "homepage": "http://symfony.com/contributors"
                }
            ],
            "description": "Symfony BrowserKit Component",
            "homepage": "http://symfony.com",
            "time": "2013-03-12 15:50:09"
        },
        {
            "name": "symfony/class-loader",
            "version": "2.1.x-dev",
            "target-dir": "Symfony/Component/ClassLoader",
            "source": {
                "type": "git",
                "url": "https://github.com/symfony/ClassLoader.git",
                "reference": "05639e1018839cfa5543c50dc6827e92af36319c"
            },
            "dist": {
                "type": "zip",
                "url": "https://api.github.com/repos/symfony/ClassLoader/zipball/05639e1018839cfa5543c50dc6827e92af36319c",
                "reference": "05639e1018839cfa5543c50dc6827e92af36319c",
                "shasum": ""
            },
            "require": {
                "php": ">=5.3.3"
            },
            "require-dev": {
                "symfony/finder": "2.1.*"
            },
            "type": "library",
            "autoload": {
                "psr-0": {
                    "Symfony\\Component\\ClassLoader": ""
                }
            },
            "notification-url": "https://packagist.org/downloads/",
            "license": [
                "MIT"
            ],
            "authors": [
                {
                    "name": "Fabien Potencier",
                    "email": "fabien@symfony.com"
                },
                {
                    "name": "Symfony Community",
                    "homepage": "http://symfony.com/contributors"
                }
            ],
            "description": "Symfony ClassLoader Component",
            "homepage": "http://symfony.com",
            "time": "2013-03-08 04:45:32"
        },
        {
            "name": "symfony/config",
            "version": "2.1.x-dev",
            "target-dir": "Symfony/Component/Config",
            "source": {
                "type": "git",
                "url": "https://github.com/symfony/Config.git",
                "reference": "v2.1.8"
            },
            "dist": {
                "type": "zip",
                "url": "https://api.github.com/repos/symfony/Config/zipball/v2.1.8",
                "reference": "v2.1.8",
                "shasum": ""
            },
            "require": {
                "php": ">=5.3.3"
            },
            "type": "library",
            "autoload": {
                "psr-0": {
                    "Symfony\\Component\\Config": ""
                }
            },
            "notification-url": "https://packagist.org/downloads/",
            "license": [
                "MIT"
            ],
            "authors": [
                {
                    "name": "Fabien Potencier",
                    "email": "fabien@symfony.com"
                },
                {
                    "name": "Symfony Community",
                    "homepage": "http://symfony.com/contributors"
                }
            ],
            "description": "Symfony Config Component",
            "homepage": "http://symfony.com",
            "time": "2013-01-09 08:51:07"
        },
        {
            "name": "symfony/console",
            "version": "2.1.x-dev",
            "target-dir": "Symfony/Component/Console",
            "source": {
                "type": "git",
                "url": "https://github.com/symfony/Console.git",
                "reference": "256b00333ab08ce1f6264152b22e08e4138275eb"
            },
            "dist": {
                "type": "zip",
                "url": "https://api.github.com/repos/symfony/Console/zipball/256b00333ab08ce1f6264152b22e08e4138275eb",
                "reference": "256b00333ab08ce1f6264152b22e08e4138275eb",
                "shasum": ""
            },
            "require": {
                "php": ">=5.3.3"
            },
            "type": "library",
            "autoload": {
                "psr-0": {
                    "Symfony\\Component\\Console": ""
                }
            },
            "notification-url": "https://packagist.org/downloads/",
            "license": [
                "MIT"
            ],
            "authors": [
                {
                    "name": "Fabien Potencier",
                    "email": "fabien@symfony.com"
                },
                {
                    "name": "Symfony Community",
                    "homepage": "http://symfony.com/contributors"
                }
            ],
            "description": "Symfony Console Component",
            "homepage": "http://symfony.com",
            "time": "2013-03-01 16:50:10"
        },
        {
            "name": "symfony/css-selector",
            "version": "2.1.x-dev",
            "target-dir": "Symfony/Component/CssSelector",
            "source": {
                "type": "git",
                "url": "https://github.com/symfony/CssSelector.git",
                "reference": "v2.1.8"
            },
            "dist": {
                "type": "zip",
                "url": "https://api.github.com/repos/symfony/CssSelector/zipball/v2.1.8",
                "reference": "v2.1.8",
                "shasum": ""
            },
            "require": {
                "php": ">=5.3.3"
            },
            "type": "library",
            "autoload": {
                "psr-0": {
                    "Symfony\\Component\\CssSelector": ""
                }
            },
            "notification-url": "https://packagist.org/downloads/",
            "license": [
                "MIT"
            ],
            "authors": [
                {
                    "name": "Fabien Potencier",
                    "email": "fabien@symfony.com"
                },
                {
                    "name": "Symfony Community",
                    "homepage": "http://symfony.com/contributors"
                }
            ],
            "description": "Symfony CssSelector Component",
            "homepage": "http://symfony.com",
            "time": "2013-01-09 08:51:07"
        },
        {
            "name": "symfony/dom-crawler",
            "version": "2.1.x-dev",
            "target-dir": "Symfony/Component/DomCrawler",
            "source": {
                "type": "git",
                "url": "https://github.com/symfony/DomCrawler.git",
                "reference": "227204697da76258a3f7f8d91d72568f4c55e31c"
            },
            "dist": {
                "type": "zip",
                "url": "https://api.github.com/repos/symfony/DomCrawler/zipball/227204697da76258a3f7f8d91d72568f4c55e31c",
                "reference": "227204697da76258a3f7f8d91d72568f4c55e31c",
                "shasum": ""
            },
            "require": {
                "php": ">=5.3.3"
            },
            "require-dev": {
                "symfony/css-selector": "2.1.*"
            },
            "suggest": {
                "symfony/css-selector": "2.1.*"
            },
            "type": "library",
            "autoload": {
                "psr-0": {
                    "Symfony\\Component\\DomCrawler": ""
                }
            },
            "notification-url": "https://packagist.org/downloads/",
            "license": [
                "MIT"
            ],
            "authors": [
                {
                    "name": "Fabien Potencier",
                    "email": "fabien@symfony.com"
                },
                {
                    "name": "Symfony Community",
                    "homepage": "http://symfony.com/contributors"
                }
            ],
            "description": "Symfony DomCrawler Component",
            "homepage": "http://symfony.com",
            "time": "2013-03-02 15:23:18"
        },
        {
            "name": "symfony/event-dispatcher",
            "version": "2.1.x-dev",
            "target-dir": "Symfony/Component/EventDispatcher",
            "source": {
                "type": "git",
                "url": "https://github.com/symfony/EventDispatcher.git",
                "reference": "v2.1.8"
            },
            "dist": {
                "type": "zip",
                "url": "https://api.github.com/repos/symfony/EventDispatcher/zipball/v2.1.8",
                "reference": "v2.1.8",
                "shasum": ""
            },
            "require": {
                "php": ">=5.3.3"
            },
            "require-dev": {
                "symfony/dependency-injection": "2.1.*"
            },
            "suggest": {
                "symfony/dependency-injection": "2.1.*",
                "symfony/http-kernel": "2.1.*"
            },
            "type": "library",
            "autoload": {
                "psr-0": {
                    "Symfony\\Component\\EventDispatcher": ""
                }
            },
            "notification-url": "https://packagist.org/downloads/",
            "license": [
                "MIT"
            ],
            "authors": [
                {
                    "name": "Fabien Potencier",
                    "email": "fabien@symfony.com"
                },
                {
                    "name": "Symfony Community",
                    "homepage": "http://symfony.com/contributors"
                }
            ],
            "description": "Symfony EventDispatcher Component",
            "homepage": "http://symfony.com",
            "time": "2013-02-11 11:26:14"
        },
        {
            "name": "symfony/finder",
            "version": "2.1.x-dev",
            "target-dir": "Symfony/Component/Finder",
            "source": {
                "type": "git",
                "url": "https://github.com/symfony/Finder.git",
                "reference": "69858f868c0caabe3d859c448f98d249541c0489"
            },
            "dist": {
                "type": "zip",
                "url": "https://api.github.com/repos/symfony/Finder/zipball/69858f868c0caabe3d859c448f98d249541c0489",
                "reference": "69858f868c0caabe3d859c448f98d249541c0489",
                "shasum": ""
            },
            "require": {
                "php": ">=5.3.3"
            },
            "type": "library",
            "autoload": {
                "psr-0": {
                    "Symfony\\Component\\Finder": ""
                }
            },
            "notification-url": "https://packagist.org/downloads/",
            "license": [
                "MIT"
            ],
            "authors": [
                {
                    "name": "Fabien Potencier",
                    "email": "fabien@symfony.com"
                },
                {
                    "name": "Symfony Community",
                    "homepage": "http://symfony.com/contributors"
                }
            ],
            "description": "Symfony Finder Component",
            "homepage": "http://symfony.com",
            "time": "2013-03-06 19:26:55"
        },
        {
            "name": "symfony/form",
            "version": "2.1.x-dev",
            "target-dir": "Symfony/Component/Form",
            "source": {
                "type": "git",
                "url": "https://github.com/symfony/Form.git",
                "reference": "v2.1.8"
            },
            "dist": {
                "type": "zip",
                "url": "https://api.github.com/repos/symfony/Form/zipball/v2.1.8",
                "reference": "v2.1.8",
                "shasum": ""
            },
            "require": {
                "php": ">=5.3.3",
                "symfony/event-dispatcher": "2.1.*",
                "symfony/locale": "2.1.*",
                "symfony/options-resolver": "2.1.*"
            },
            "require-dev": {
                "symfony/http-foundation": "2.1.*",
                "symfony/validator": "2.1.*"
            },
            "suggest": {
                "symfony/http-foundation": "2.1.*",
                "symfony/validator": "2.1.*"
            },
            "type": "library",
            "autoload": {
                "psr-0": {
                    "Symfony\\Component\\Form": ""
                }
            },
            "notification-url": "https://packagist.org/downloads/",
            "license": [
                "MIT"
            ],
            "authors": [
                {
                    "name": "Fabien Potencier",
                    "email": "fabien@symfony.com"
                },
                {
                    "name": "Symfony Community",
                    "homepage": "http://symfony.com/contributors"
                }
            ],
            "description": "Symfony Form Component",
            "homepage": "http://symfony.com",
            "time": "2013-02-22 17:53:32"
        },
        {
            "name": "symfony/http-foundation",
            "version": "2.1.x-dev",
            "target-dir": "Symfony/Component/HttpFoundation",
            "source": {
                "type": "git",
                "url": "https://github.com/symfony/HttpFoundation.git",
                "reference": "21569f5f8c380bb03fbb14b2c4192667e3383a71"
            },
            "dist": {
                "type": "zip",
                "url": "https://api.github.com/repos/symfony/HttpFoundation/zipball/21569f5f8c380bb03fbb14b2c4192667e3383a71",
                "reference": "21569f5f8c380bb03fbb14b2c4192667e3383a71",
                "shasum": ""
            },
            "require": {
                "php": ">=5.3.3"
            },
            "type": "library",
            "autoload": {
                "psr-0": {
                    "Symfony\\Component\\HttpFoundation": "",
                    "SessionHandlerInterface": "Symfony/Component/HttpFoundation/Resources/stubs"
                }
            },
            "notification-url": "https://packagist.org/downloads/",
            "license": [
                "MIT"
            ],
            "authors": [
                {
                    "name": "Fabien Potencier",
                    "email": "fabien@symfony.com"
                },
                {
                    "name": "Symfony Community",
                    "homepage": "http://symfony.com/contributors"
                }
            ],
            "description": "Symfony HttpFoundation Component",
            "homepage": "http://symfony.com",
            "time": "2013-03-01 10:39:52"
        },
        {
            "name": "symfony/http-kernel",
            "version": "2.1.x-dev",
            "target-dir": "Symfony/Component/HttpKernel",
            "source": {
                "type": "git",
                "url": "https://github.com/symfony/HttpKernel.git",
                "reference": "7993ef00defebe5d7af5d053c9bf7c2d3f450b66"
            },
            "dist": {
                "type": "zip",
                "url": "https://api.github.com/repos/symfony/HttpKernel/zipball/7993ef00defebe5d7af5d053c9bf7c2d3f450b66",
                "reference": "7993ef00defebe5d7af5d053c9bf7c2d3f450b66",
                "shasum": ""
            },
            "require": {
                "php": ">=5.3.3",
                "symfony/event-dispatcher": "2.1.*",
                "symfony/http-foundation": "2.1.*"
            },
            "require-dev": {
                "symfony/browser-kit": "2.1.*",
                "symfony/class-loader": "2.1.*",
                "symfony/config": "2.1.*",
                "symfony/console": "2.1.*",
                "symfony/dependency-injection": "2.1.*",
                "symfony/finder": "2.1.*",
                "symfony/process": "2.1.*",
                "symfony/routing": "2.1.*"
            },
            "suggest": {
                "symfony/browser-kit": "2.1.*",
                "symfony/class-loader": "2.1.*",
                "symfony/config": "2.1.*",
                "symfony/console": "2.1.*",
                "symfony/dependency-injection": "2.1.*",
                "symfony/finder": "2.1.*"
            },
            "type": "library",
            "autoload": {
                "psr-0": {
                    "Symfony\\Component\\HttpKernel": ""
                }
            },
            "notification-url": "https://packagist.org/downloads/",
            "license": [
                "MIT"
            ],
            "authors": [
                {
                    "name": "Fabien Potencier",
                    "email": "fabien@symfony.com"
                },
                {
                    "name": "Symfony Community",
                    "homepage": "http://symfony.com/contributors"
                }
            ],
            "description": "Symfony HttpKernel Component",
            "homepage": "http://symfony.com",
            "time": "2013-03-15 10:44:42"
        },
        {
            "name": "symfony/locale",
            "version": "2.1.x-dev",
            "target-dir": "Symfony/Component/Locale",
            "source": {
                "type": "git",
                "url": "https://github.com/symfony/Locale.git",
                "reference": "v2.1.8"
            },
            "dist": {
                "type": "zip",
                "url": "https://api.github.com/repos/symfony/Locale/zipball/v2.1.8",
                "reference": "v2.1.8",
                "shasum": ""
            },
            "require": {
                "php": ">=5.3.3"
            },
            "suggest": {
                "ext-intl": ">=5.3.3"
            },
            "type": "library",
            "autoload": {
                "psr-0": {
                    "Symfony\\Component\\Locale": ""
                }
            },
            "notification-url": "https://packagist.org/downloads/",
            "license": [
                "MIT"
            ],
            "authors": [
                {
                    "name": "Fabien Potencier",
                    "email": "fabien@symfony.com"
                },
                {
                    "name": "Symfony Community",
                    "homepage": "http://symfony.com/contributors"
                }
            ],
            "description": "Symfony Locale Component",
            "homepage": "http://symfony.com",
            "time": "2013-01-10 04:41:59"
        },
        {
            "name": "symfony/monolog-bridge",
            "version": "2.1.x-dev",
            "target-dir": "Symfony/Bridge/Monolog",
            "source": {
                "type": "git",
                "url": "https://github.com/symfony/MonologBridge.git",
                "reference": "v2.1.8"
            },
            "dist": {
                "type": "zip",
                "url": "https://api.github.com/repos/symfony/MonologBridge/zipball/v2.1.8",
                "reference": "v2.1.8",
                "shasum": ""
            },
            "require": {
                "monolog/monolog": ">=1.0,<1.3-dev",
                "php": ">=5.3.3",
                "symfony/http-kernel": "2.1.*"
            },
            "type": "symfony-bridge",
            "autoload": {
                "psr-0": {
                    "Symfony\\Bridge\\Monolog": ""
                }
            },
            "notification-url": "https://packagist.org/downloads/",
            "license": [
                "MIT"
            ],
            "authors": [
                {
                    "name": "Fabien Potencier",
                    "email": "fabien@symfony.com"
                },
                {
                    "name": "Symfony Community",
                    "homepage": "http://symfony.com/contributors"
                }
            ],
            "description": "Symfony Monolog Bridge",
            "homepage": "http://symfony.com",
            "time": "2013-01-09 08:51:07"
        },
        {
            "name": "symfony/options-resolver",
            "version": "2.1.x-dev",
            "target-dir": "Symfony/Component/OptionsResolver",
            "source": {
                "type": "git",
                "url": "https://github.com/symfony/OptionsResolver.git",
                "reference": "v2.1.8"
            },
            "dist": {
                "type": "zip",
                "url": "https://api.github.com/repos/symfony/OptionsResolver/zipball/v2.1.8",
                "reference": "v2.1.8",
                "shasum": ""
            },
            "require": {
                "php": ">=5.3.3"
            },
            "type": "library",
            "autoload": {
                "psr-0": {
                    "Symfony\\Component\\OptionsResolver": ""
                }
            },
            "notification-url": "https://packagist.org/downloads/",
            "license": [
                "MIT"
            ],
            "authors": [
                {
                    "name": "Fabien Potencier",
                    "email": "fabien@symfony.com"
                },
                {
                    "name": "Symfony Community",
                    "homepage": "http://symfony.com/contributors"
                }
            ],
            "description": "Symfony OptionsResolver Component",
            "homepage": "http://symfony.com",
            "keywords": [
                "config",
                "configuration",
                "options"
            ],
            "time": "2013-01-09 08:51:07"
        },
        {
            "name": "symfony/process",
            "version": "2.1.x-dev",
            "target-dir": "Symfony/Component/Process",
            "source": {
                "type": "git",
                "url": "https://github.com/symfony/Process.git",
                "reference": "v2.1.8"
            },
            "dist": {
                "type": "zip",
                "url": "https://api.github.com/repos/symfony/Process/zipball/v2.1.8",
                "reference": "v2.1.8",
                "shasum": ""
            },
            "require": {
                "php": ">=5.3.3"
            },
            "type": "library",
            "autoload": {
                "psr-0": {
                    "Symfony\\Component\\Process": ""
                }
            },
            "notification-url": "https://packagist.org/downloads/",
            "license": [
                "MIT"
            ],
            "authors": [
                {
                    "name": "Fabien Potencier",
                    "email": "fabien@symfony.com"
                },
                {
                    "name": "Symfony Community",
                    "homepage": "http://symfony.com/contributors"
                }
            ],
            "description": "Symfony Process Component",
            "homepage": "http://symfony.com",
            "time": "2013-02-18 21:27:57"
        },
        {
            "name": "symfony/routing",
            "version": "2.2.x-dev",
            "target-dir": "Symfony/Component/Routing",
            "source": {
                "type": "git",
                "url": "https://github.com/symfony/Routing.git",
                "reference": "a8599d5735c5f1f994cfbf91f59851add9c9f627"
            },
            "dist": {
                "type": "zip",
                "url": "https://api.github.com/repos/symfony/Routing/zipball/a8599d5735c5f1f994cfbf91f59851add9c9f627",
                "reference": "a8599d5735c5f1f994cfbf91f59851add9c9f627",
                "shasum": ""
            },
            "require": {
                "php": ">=5.3.3"
            },
            "require-dev": {
                "doctrine/common": ">=2.2,<3.0",
                "psr/log": ">=1.0,<2.0",
                "symfony/config": ">=2.2,<2.3-dev",
                "symfony/yaml": ">=2.0,<3.0"
            },
            "suggest": {
                "doctrine/common": "~2.2",
                "symfony/config": "2.2.*",
                "symfony/yaml": "2.2.*"
            },
            "type": "library",
            "extra": {
                "branch-alias": {
                    "dev-master": "2.2-dev"
                }
            },
            "autoload": {
                "psr-0": {
                    "Symfony\\Component\\Routing\\": ""
                }
            },
            "notification-url": "https://packagist.org/downloads/",
            "license": [
                "MIT"
            ],
            "authors": [
                {
                    "name": "Fabien Potencier",
                    "email": "fabien@symfony.com"
                },
                {
                    "name": "Symfony Community",
                    "homepage": "http://symfony.com/contributors"
                }
            ],
            "description": "Symfony Routing Component",
            "homepage": "http://symfony.com",
            "time": "2013-03-14 09:39:13"
        },
        {
            "name": "symfony/security",
            "version": "2.1.x-dev",
            "target-dir": "Symfony/Component/Security",
            "source": {
                "type": "git",
                "url": "https://github.com/symfony/Security.git",
                "reference": "efd261ec28fd9acfc1e2dadd18fc91236b2fb236"
            },
            "dist": {
                "type": "zip",
                "url": "https://api.github.com/repos/symfony/Security/zipball/efd261ec28fd9acfc1e2dadd18fc91236b2fb236",
                "reference": "efd261ec28fd9acfc1e2dadd18fc91236b2fb236",
                "shasum": ""
            },
            "require": {
                "php": ">=5.3.3",
                "symfony/event-dispatcher": "2.1.*",
                "symfony/http-foundation": "2.1.*",
                "symfony/http-kernel": "2.1.*"
            },
            "require-dev": {
                "doctrine/common": ">=2.2,<3.0",
                "doctrine/dbal": ">=2.2,<3.0",
                "symfony/form": "2.1.*",
                "symfony/routing": "2.1.*",
                "symfony/validator": "2.1.*"
            },
            "suggest": {
                "doctrine/dbal": "to use the built-in ACL implementation",
                "symfony/class-loader": "2.1.*",
                "symfony/finder": "2.1.*",
                "symfony/form": "2.1.*",
                "symfony/routing": "2.1.*",
                "symfony/validator": "2.1.*"
            },
            "type": "library",
            "autoload": {
                "psr-0": {
                    "Symfony\\Component\\Security": ""
                }
            },
            "notification-url": "https://packagist.org/downloads/",
            "license": [
                "MIT"
            ],
            "authors": [
                {
                    "name": "Fabien Potencier",
                    "email": "fabien@symfony.com"
                },
                {
                    "name": "Symfony Community",
                    "homepage": "http://symfony.com/contributors"
                }
            ],
            "description": "Symfony Security Component",
            "homepage": "http://symfony.com",
            "time": "2013-03-15 15:24:21"
        },
        {
            "name": "symfony/translation",
            "version": "2.1.x-dev",
            "target-dir": "Symfony/Component/Translation",
            "source": {
                "type": "git",
                "url": "https://github.com/symfony/Translation.git",
                "reference": "121e5416841d7c81381538f9862242b1578ed89c"
            },
            "dist": {
                "type": "zip",
                "url": "https://api.github.com/repos/symfony/Translation/zipball/121e5416841d7c81381538f9862242b1578ed89c",
                "reference": "121e5416841d7c81381538f9862242b1578ed89c",
                "shasum": ""
            },
            "require": {
                "php": ">=5.3.3"
            },
            "require-dev": {
                "symfony/config": "2.1.*",
                "symfony/yaml": "2.1.*"
            },
            "suggest": {
                "symfony/config": "2.1.*",
                "symfony/yaml": "2.1.*"
            },
            "type": "library",
            "autoload": {
                "psr-0": {
                    "Symfony\\Component\\Translation": ""
                }
            },
            "notification-url": "https://packagist.org/downloads/",
            "license": [
                "MIT"
            ],
            "authors": [
                {
                    "name": "Fabien Potencier",
                    "email": "fabien@symfony.com"
                },
                {
                    "name": "Symfony Community",
                    "homepage": "http://symfony.com/contributors"
                }
            ],
            "description": "Symfony Translation Component",
            "homepage": "http://symfony.com",
            "time": "2013-03-12 14:23:04"
        },
        {
            "name": "symfony/twig-bridge",
            "version": "2.1.x-dev",
            "target-dir": "Symfony/Bridge/Twig",
            "source": {
                "type": "git",
                "url": "https://github.com/symfony/TwigBridge.git",
                "reference": "75a651bfea17b42fe6b55a054a02683223dfff43"
            },
            "dist": {
                "type": "zip",
                "url": "https://api.github.com/repos/symfony/TwigBridge/zipball/75a651bfea17b42fe6b55a054a02683223dfff43",
                "reference": "75a651bfea17b42fe6b55a054a02683223dfff43",
                "shasum": ""
            },
            "require": {
                "php": ">=5.3.3",
                "twig/twig": ">=1.9.1,<2.0-dev"
            },
            "require-dev": {
                "symfony/form": "2.1.*",
                "symfony/routing": "2.1.*",
                "symfony/security": "2.1.*",
                "symfony/templating": "2.1.*",
                "symfony/translation": "2.1.*",
                "symfony/yaml": "2.1.*"
            },
            "suggest": {
                "symfony/form": "2.1.*",
                "symfony/routing": "2.1.*",
                "symfony/security": "2.1.*",
                "symfony/templating": "2.1.*",
                "symfony/translation": "2.1.*",
                "symfony/yaml": "2.1.*"
            },
            "type": "symfony-bridge",
            "autoload": {
                "psr-0": {
                    "Symfony\\Bridge\\Twig": ""
                }
            },
            "notification-url": "https://packagist.org/downloads/",
            "license": [
                "MIT"
            ],
            "authors": [
                {
                    "name": "Fabien Potencier",
                    "email": "fabien@symfony.com"
                },
                {
                    "name": "Symfony Community",
                    "homepage": "http://symfony.com/contributors"
                }
            ],
            "description": "Symfony Twig Bridge",
            "homepage": "http://symfony.com",
            "time": "2013-03-13 13:40:23"
        },
        {
            "name": "symfony/validator",
            "version": "2.1.x-dev",
            "target-dir": "Symfony/Component/Validator",
            "source": {
                "type": "git",
                "url": "https://github.com/symfony/Validator.git",
                "reference": "7aaa46ed5ff1c704cc002724c32458a2453d35ec"
            },
            "dist": {
                "type": "zip",
                "url": "https://api.github.com/repos/symfony/Validator/zipball/7aaa46ed5ff1c704cc002724c32458a2453d35ec",
                "reference": "7aaa46ed5ff1c704cc002724c32458a2453d35ec",
                "shasum": ""
            },
            "require": {
                "php": ">=5.3.3"
            },
            "require-dev": {
                "symfony/http-foundation": "2.1.*",
                "symfony/locale": "2.1.*",
                "symfony/yaml": "2.1.*"
            },
            "suggest": {
                "doctrine/common": "~2.1",
                "symfony/http-foundation": "2.1.*",
                "symfony/yaml": "2.1.*"
            },
            "type": "library",
            "autoload": {
                "psr-0": {
                    "Symfony\\Component\\Validator": ""
                }
            },
            "notification-url": "https://packagist.org/downloads/",
            "license": [
                "MIT"
            ],
            "authors": [
                {
                    "name": "Fabien Potencier",
                    "email": "fabien@symfony.com"
                },
                {
                    "name": "Symfony Community",
                    "homepage": "http://symfony.com/contributors"
                }
            ],
            "description": "Symfony Validator Component",
            "homepage": "http://symfony.com",
            "time": "2013-03-13 14:34:16"
        },
        {
            "name": "twig/twig",
            "version": "dev-master",
            "source": {
                "type": "git",
                "url": "https://github.com/fabpot/Twig.git",
                "reference": "ba67e2cf8e2ca6cada1de5a316a724df648c52ac"
            },
            "dist": {
                "type": "zip",
                "url": "https://api.github.com/repos/fabpot/Twig/zipball/ba67e2cf8e2ca6cada1de5a316a724df648c52ac",
                "reference": "ba67e2cf8e2ca6cada1de5a316a724df648c52ac",
                "shasum": ""
            },
            "require": {
                "php": ">=5.2.4"
            },
            "type": "library",
            "extra": {
                "branch-alias": {
                    "dev-master": "1.12-dev"
                }
            },
            "autoload": {
                "psr-0": {
                    "Twig_": "lib/"
                }
            },
            "notification-url": "https://packagist.org/downloads/",
            "license": [
                "BSD-3"
            ],
            "authors": [
                {
                    "name": "Fabien Potencier",
                    "email": "fabien@symfony.com"
                },
                {
                    "name": "Armin Ronacher",
                    "email": "armin.ronacher@active-4.com"
                }
            ],
            "description": "Twig, the flexible, fast, and secure template language for PHP",
            "homepage": "http://twig.sensiolabs.org",
            "keywords": [
                "templating"
            ],
            "time": "2013-03-10 07:23:01"
        }
    ],
    "packages-dev": [

    ],
    "aliases": [

    ],
    "minimum-stability": "dev",
    "stability-flags": [

    ],
    "platform": {
        "php": ">=5.3.3"
    },
    "platform-dev": [

    ]
}
